
Microsoft Visual Studio Solution File, Format Version 12.00
# Visual Studio Version 17
VisualStudioVersion = 17.3.32825.248
MinimumVisualStudioVersion = 10.0.40219.1
Project("{FAE04EC0-301F-11D3-BF4B-00C04F79EFBC}") = "LipatovVisualComponents", "LipatovVisualComponents\LipatovVisualComponents.csproj", "{AEBD5E95-8779-44B1-8CDD-FDDCF5041855}"
EndProject
Project("{FAE04EC0-301F-11D3-BF4B-00C04F79EFBC}") = "TestWindowsFormsApp", "TestWindowsFormsApp\TestWindowsFormsApp.csproj", "{5099B399-EC67-4481-A32E-A5BFBA81C1A0}"
	ProjectSection(ProjectDependencies) = postProject
		{AEBD5E95-8779-44B1-8CDD-FDDCF5041855} = {AEBD5E95-8779-44B1-8CDD-FDDCF5041855}
	EndProjectSection
EndProject
Project("{FAE04EC0-301F-11D3-BF4B-00C04F79EFBC}") = "LipatovNonVisualComponents", "NonVisualComponentsLibrary\LipatovNonVisualComponents.csproj", "{17B6B43D-93C7-4A03-99E3-1F9390B062A7}"
EndProject
Global
	GlobalSection(SolutionConfigurationPlatforms) = preSolution
		Debug|Any CPU = Debug|Any CPU
		Release|Any CPU = Release|Any CPU
	EndGlobalSection
	GlobalSection(ProjectConfigurationPlatforms) = postSolution
		{AEBD5E95-8779-44B1-8CDD-FDDCF5041855}.Debug|Any CPU.ActiveCfg = Debug|Any CPU
		{AEBD5E95-8779-44B1-8CDD-FDDCF5041855}.Debug|Any CPU.Build.0 = Debug|Any CPU
		{AEBD5E95-8779-44B1-8CDD-FDDCF5041855}.Release|Any CPU.ActiveCfg = Release|Any CPU
		{AEBD5E95-8779-44B1-8CDD-FDDCF5041855}.Release|Any CPU.Build.0 = Release|Any CPU
		{5099B399-EC67-4481-A32E-A5BFBA81C1A0}.Debug|Any CPU.ActiveCfg = Debug|Any CPU
		{5099B399-EC67-4481-A32E-A5BFBA81C1A0}.Debug|Any CPU.Build.0 = Debug|Any CPU
		{5099B399-EC67-4481-A32E-A5BFBA81C1A0}.Release|Any CPU.ActiveCfg = Release|Any CPU
		{5099B399-EC67-4481-A32E-A5BFBA81C1A0}.Release|Any CPU.Build.0 = Release|Any CPU
		{17B6B43D-93C7-4A03-99E3-1F9390B062A7}.Debug|Any CPU.ActiveCfg = Debug|Any CPU
		{17B6B43D-93C7-4A03-99E3-1F9390B062A7}.Debug|Any CPU.Build.0 = Debug|Any CPU
		{17B6B43D-93C7-4A03-99E3-1F9390B062A7}.Release|Any CPU.ActiveCfg = Release|Any CPU
		{17B6B43D-93C7-4A03-99E3-1F9390B062A7}.Release|Any CPU.Build.0 = Release|Any CPU
	EndGlobalSection
	GlobalSection(SolutionProperties) = preSolution
		HideSolutionNode = FALSE
	EndGlobalSection
	GlobalSection(ExtensibilityGlobals) = postSolution
		SolutionGuid = {E06EDC4B-E08F-4CCB-B1FB-BA42E16C97DC}
	EndGlobalSection
EndGlobal
